
Microsoft Visual Studio Solution File, Format Version 12.00
# Visual Studio Version 16
VisualStudioVersion = 16.0.30611.23
MinimumVisualStudioVersion = 10.0.40219.1
Project("{8BC9CEB8-8B4A-11D0-8D11-00A0C91BC942}") = "Tree", "Tree\Tree.vcxproj", "{8BAA336B-716C-46A5-A1B1-C87809FD353C}"
EndProject
Global
	GlobalSection(SolutionConfigurationPlatforms) = preSolution
		Debug|x64 = Debug|x64
		Debug|x86 = Debug|x86
		Release|x64 = Release|x64
		Release|x86 = Release|x86
	EndGlobalSection
	GlobalSection(ProjectConfigurationPlatforms) = postSolution
		{8BAA336B-716C-46A5-A1B1-C87809FD353C}.Debug|x64.ActiveCfg = Debug|x64
		{8BAA336B-716C-46A5-A1B1-C87809FD353C}.Debug|x64.Build.0 = Debug|x64
		{8BAA336B-716C-46A5-A1B1-C87809FD353C}.Debug|x86.ActiveCfg = Debug|Win32
		{8BAA336B-716C-46A5-A1B1-C87809FD353C}.Debug|x86.Build.0 = Debug|Win32
		{8BAA336B-716C-46A5-A1B1-C87809FD353C}.Release|x64.ActiveCfg = Release|x64
		{8BAA336B-716C-46A5-A1B1-C87809FD353C}.Release|x64.Build.0 = Release|x64
		{8BAA336B-716C-46A5-A1B1-C87809FD353C}.Release|x86.ActiveCfg = Release|Win32
		{8BAA336B-716C-46A5-A1B1-C87809FD353C}.Release|x86.Build.0 = Release|Win32
	EndGlobalSection
	GlobalSection(SolutionProperties) = preSolution
		HideSolutionNode = FALSE
	EndGlobalSection
	GlobalSection(ExtensibilityGlobals) = postSolution
		SolutionGuid = {E16E801F-21EF-469B-A033-0C2EC4AEC82C}
	EndGlobalSection
EndGlobal
